
Microsoft Visual Studio Solution File, Format Version 12.00
# Visual Studio Version 17
VisualStudioVersion = 17.2.32317.152
MinimumVisualStudioVersion = 10.0.40219.1
Project("{FAE04EC0-301F-11D3-BF4B-00C04F79EFBC}") = "TestProject", "TestProject\TestProject.csproj", "{DAA67DF2-2FD0-492B-969E-BCE7ACD357BC}"
EndProject
Project("{2150E333-8FDC-42A3-9474-1A3956D46DE8}") = "Solution Items", "Solution Items", "{FD425518-E72A-4854-921C-20F5389DE256}"
	ProjectSection(SolutionItems) = preProject
		Config.props = Config.props
		Config.targets = Config.targets
	EndProjectSection
EndProject
Global
	GlobalSection(SolutionConfigurationPlatforms) = preSolution
		Debug|ARM = Debug|ARM
		Debug|ARM64 = Debug|ARM64
		Debug|x64 = Debug|x64
		Debug|x86 = Debug|x86
		Release|ARM = Release|ARM
		Release|ARM64 = Release|ARM64
		Release|x64 = Release|x64
		Release|x86 = Release|x86
	EndGlobalSection
	GlobalSection(ProjectConfigurationPlatforms) = postSolution
		{DAA67DF2-2FD0-492B-969E-BCE7ACD357BC}.Debug|ARM.ActiveCfg = Debug|ARM
		{DAA67DF2-2FD0-492B-969E-BCE7ACD357BC}.Debug|ARM.Build.0 = Debug|ARM
		{DAA67DF2-2FD0-492B-969E-BCE7ACD357BC}.Debug|ARM.Deploy.0 = Debug|ARM
		{DAA67DF2-2FD0-492B-969E-BCE7ACD357BC}.Debug|ARM64.ActiveCfg = Debug|ARM64
		{DAA67DF2-2FD0-492B-969E-BCE7ACD357BC}.Debug|ARM64.Build.0 = Debug|ARM64
		{DAA67DF2-2FD0-492B-969E-BCE7ACD357BC}.Debug|ARM64.Deploy.0 = Debug|ARM64
		{DAA67DF2-2FD0-492B-969E-BCE7ACD357BC}.Debug|x64.ActiveCfg = Debug|x64
		{DAA67DF2-2FD0-492B-969E-BCE7ACD357BC}.Debug|x64.Build.0 = Debug|x64
		{DAA67DF2-2FD0-492B-969E-BCE7ACD357BC}.Debug|x64.Deploy.0 = Debug|x64
		{DAA67DF2-2FD0-492B-969E-BCE7ACD357BC}.Debug|x86.ActiveCfg = Debug|x86
		{DAA67DF2-2FD0-492B-969E-BCE7ACD357BC}.Debug|x86.Build.0 = Debug|x86
		{DAA67DF2-2FD0-492B-969E-BCE7ACD357BC}.Debug|x86.Deploy.0 = Debug|x86
		{DAA67DF2-2FD0-492B-969E-BCE7ACD357BC}.Release|ARM.ActiveCfg = Release|ARM
		{DAA67DF2-2FD0-492B-969E-BCE7ACD357BC}.Release|ARM.Build.0 = Release|ARM
		{DAA67DF2-2FD0-492B-969E-BCE7ACD357BC}.Release|ARM.Deploy.0 = Release|ARM
		{DAA67DF2-2FD0-492B-969E-BCE7ACD357BC}.Release|ARM64.ActiveCfg = Release|ARM64
		{DAA67DF2-2FD0-492B-969E-BCE7ACD357BC}.Release|ARM64.Build.0 = Release|ARM64
		{DAA67DF2-2FD0-492B-969E-BCE7ACD357BC}.Release|ARM64.Deploy.0 = Release|ARM64
		{DAA67DF2-2FD0-492B-969E-BCE7ACD357BC}.Release|x64.ActiveCfg = Release|x64
		{DAA67DF2-2FD0-492B-969E-BCE7ACD357BC}.Release|x64.Build.0 = Release|x64
		{DAA67DF2-2FD0-492B-969E-BCE7ACD357BC}.Release|x64.Deploy.0 = Release|x64
		{DAA67DF2-2FD0-492B-969E-BCE7ACD357BC}.Release|x86.ActiveCfg = Release|x86
		{DAA67DF2-2FD0-492B-969E-BCE7ACD357BC}.Release|x86.Build.0 = Release|x86
		{DAA67DF2-2FD0-492B-969E-BCE7ACD357BC}.Release|x86.Deploy.0 = Release|x86
	EndGlobalSection
	GlobalSection(SolutionProperties) = preSolution
		HideSolutionNode = FALSE
	EndGlobalSection
	GlobalSection(ExtensibilityGlobals) = postSolution
		SolutionGuid = {125EECF0-8015-4013-9A0D-6CB6E70579A8}
	EndGlobalSection
EndGlobal
